// !$*UTF8*$!
{
	archiveVersion = 1;
	classes = {
	};
	objectVersion = 46;
	objects = {

/* Begin PBXBuildFile section */
		3F06B3E81C6CEFFC0074A26D /* mapViewController.swift in Sources */ = {isa = PBXBuildFile; fileRef = 3F06B3E71C6CEFFC0074A26D /* mapViewController.swift */; };
		3F68DDB51C4FE9490062C9DC /* AppDelegate.swift in Sources */ = {isa = PBXBuildFile; fileRef = 3F68DDB41C4FE9490062C9DC /* AppDelegate.swift */; };
		3F68DDB71C4FE9490062C9DC /* ViewController.swift in Sources */ = {isa = PBXBuildFile; fileRef = 3F68DDB61C4FE9490062C9DC /* ViewController.swift */; };
		3F68DDBA1C4FE9490062C9DC /* Main.storyboard in Resources */ = {isa = PBXBuildFile; fileRef = 3F68DDB81C4FE9490062C9DC /* Main.storyboard */; };
		3F68DDBC1C4FE9490062C9DC /* Assets.xcassets in Resources */ = {isa = PBXBuildFile; fileRef = 3F68DDBB1C4FE9490062C9DC /* Assets.xcassets */; };
		3F68DDBF1C4FE9490062C9DC /* LaunchScreen.storyboard in Resources */ = {isa = PBXBuildFile; fileRef = 3F68DDBD1C4FE9490062C9DC /* LaunchScreen.storyboard */; };
		3F68DDCA1C4FE9490062C9DC /* College_Profile_BuilderTests.swift in Sources */ = {isa = PBXBuildFile; fileRef = 3F68DDC91C4FE9490062C9DC /* College_Profile_BuilderTests.swift */; };
		3F68DDD51C4FE9490062C9DC /* College_Profile_BuilderUITests.swift in Sources */ = {isa = PBXBuildFile; fileRef = 3F68DDD41C4FE9490062C9DC /* College_Profile_BuilderUITests.swift */; };
		3F68DDE31C513C340062C9DC /* CollegesClass.swift in Sources */ = {isa = PBXBuildFile; fileRef = 3F68DDE21C513C340062C9DC /* CollegesClass.swift */; };
		3F68DDE51C5142780062C9DC /* detailViewController.swift in Sources */ = {isa = PBXBuildFile; fileRef = 3F68DDE41C5142780062C9DC /* detailViewController.swift */; };
/* End PBXBuildFile section */

/* Begin PBXContainerItemProxy section */
		3F68DDC61C4FE9490062C9DC /* PBXContainerItemProxy */ = {
			isa = PBXContainerItemProxy;
			containerPortal = 3F68DDA91C4FE9480062C9DC /* Project object */;
			proxyType = 1;
			remoteGlobalIDString = 3F68DDB01C4FE9490062C9DC;
			remoteInfo = "College Profile Builder";
		};
		3F68DDD11C4FE9490062C9DC /* PBXContainerItemProxy */ = {
			isa = PBXContainerItemProxy;
			containerPortal = 3F68DDA91C4FE9480062C9DC /* Project object */;
			proxyType = 1;
			remoteGlobalIDString = 3F68DDB01C4FE9490062C9DC;
			remoteInfo = "College Profile Builder";
		};
/* End PBXContainerItemProxy section */

/* Begin PBXFileReference section */
		3F06B3E71C6CEFFC0074A26D /* mapViewController.swift */ = {isa = PBXFileReference; fileEncoding = 4; lastKnownFileType = sourcecode.swift; path = mapViewController.swift; sourceTree = "<group>"; };
		3F68DDB11C4FE9490062C9DC /* College Profile Builder.app */ = {isa = PBXFileReference; explicitFileType = wrapper.application; includeInIndex = 0; path = "College Profile Builder.app"; sourceTree = BUILT_PRODUCTS_DIR; };
		3F68DDB41C4FE9490062C9DC /* AppDelegate.swift */ = {isa = PBXFileReference; lastKnownFileType = sourcecode.swift; path = AppDelegate.swift; sourceTree = "<group>"; };
		3F68DDB61C4FE9490062C9DC /* ViewController.swift */ = {isa = PBXFileReference; lastKnownFileType = sourcecode.swift; path = ViewController.swift; sourceTree = "<group>"; };
		3F68DDB91C4FE9490062C9DC /* Base */ = {isa = PBXFileReference; lastKnownFileType = file.storyboard; name = Base; path = Base.lproj/Main.storyboard; sourceTree = "<group>"; };
		3F68DDBB1C4FE9490062C9DC /* Assets.xcassets */ = {isa = PBXFileReference; lastKnownFileType = folder.assetcatalog; path = Assets.xcassets; sourceTree = "<group>"; };
		3F68DDBE1C4FE9490062C9DC /* Base */ = {isa = PBXFileReference; lastKnownFileType = file.storyboard; name = Base; path = Base.lproj/LaunchScreen.storyboard; sourceTree = "<group>"; };
		3F68DDC01C4FE9490062C9DC /* Info.plist */ = {isa = PBXFileReference; lastKnownFileType = text.plist.xml; path = Info.plist; sourceTree = "<group>"; };
		3F68DDC51C4FE9490062C9DC /* College Profile BuilderTests.xctest */ = {isa = PBXFileReference; explicitFileType = wrapper.cfbundle; includeInIndex = 0; path = "College Profile BuilderTests.xctest"; sourceTree = BUILT_PRODUCTS_DIR; };
		3F68DDC91C4FE9490062C9DC /* College_Profile_BuilderTests.swift */ = {isa = PBXFileReference; lastKnownFileType = sourcecode.swift; path = College_Profile_BuilderTests.swift; sourceTree = "<group>"; };
		3F68DDCB1C4FE9490062C9DC /* Info.plist */ = {isa = PBXFileReference; lastKnownFileType = text.plist.xml; path = Info.plist; sourceTree = "<group>"; };
		3F68DDD01C4FE9490062C9DC /* College Profile BuilderUITests.xctest */ = {isa = PBXFileReference; explicitFileType = wrapper.cfbundle; includeInIndex = 0; path = "College Profile BuilderUITests.xctest"; sourceTree = BUILT_PRODUCTS_DIR; };
		3F68DDD41C4FE9490062C9DC /* College_Profile_BuilderUITests.swift */ = {isa = PBXFileReference; lastKnownFileType = sourcecode.swift; path = College_Profile_BuilderUITests.swift; sourceTree = "<group>"; };
		3F68DDD61C4FE9490062C9DC /* Info.plist */ = {isa = PBXFileReference; lastKnownFileType = text.plist.xml; path = Info.plist; sourceTree = "<group>"; };
		3F68DDE21C513C340062C9DC /* CollegesClass.swift */ = {isa = PBXFileReference; fileEncoding = 4; lastKnownFileType = sourcecode.swift; path = CollegesClass.swift; sourceTree = "<group>"; };
		3F68DDE41C5142780062C9DC /* detailViewController.swift */ = {isa = PBXFileReference; fileEncoding = 4; lastKnownFileType = sourcecode.swift; path = detailViewController.swift; sourceTree = "<group>"; };
/* End PBXFileReference section */

/* Begin PBXFrameworksBuildPhase section */
		3F68DDAE1C4FE9490062C9DC /* Frameworks */ = {
			isa = PBXFrameworksBuildPhase;
			buildActionMask = 2147483647;
			files = (
			);
			runOnlyForDeploymentPostprocessing = 0;
		};
		3F68DDC21C4FE9490062C9DC /* Frameworks */ = {
			isa = PBXFrameworksBuildPhase;
			buildActionMask = 2147483647;
			files = (
			);
			runOnlyForDeploymentPostprocessing = 0;
		};
		3F68DDCD1C4FE9490062C9DC /* Frameworks */ = {
			isa = PBXFrameworksBuildPhase;
			buildActionMask = 2147483647;
			files = (
			);
			runOnlyForDeploymentPostprocessing = 0;
		};
/* End PBXFrameworksBuildPhase section */

/* Begin PBXGroup section */
		3F68DDA81C4FE9480062C9DC = {
			isa = PBXGroup;
			children = (
				3F68DDB31C4FE9490062C9DC /* College Profile Builder */,
				3F68DDC81C4FE9490062C9DC /* College Profile BuilderTests */,
				3F68DDD31C4FE9490062C9DC /* College Profile BuilderUITests */,
				3F68DDB21C4FE9490062C9DC /* Products */,
			);
			sourceTree = "<group>";
		};
		3F68DDB21C4FE9490062C9DC /* Products */ = {
			isa = PBXGroup;
			children = (
				3F68DDB11C4FE9490062C9DC /* College Profile Builder.app */,
				3F68DDC51C4FE9490062C9DC /* College Profile BuilderTests.xctest */,
				3F68DDD01C4FE9490062C9DC /* College Profile BuilderUITests.xctest */,
			);
			name = Products;
			sourceTree = "<group>";
		};
		3F68DDB31C4FE9490062C9DC /* College Profile Builder */ = {
			isa = PBXGroup;
			children = (
				3F68DDB41C4FE9490062C9DC /* AppDelegate.swift */,
				3F68DDB61C4FE9490062C9DC /* ViewController.swift */,
				3F68DDE21C513C340062C9DC /* CollegesClass.swift */,
				3F68DDE41C5142780062C9DC /* detailViewController.swift */,
				3F06B3E71C6CEFFC0074A26D /* mapViewController.swift */,
				3F68DDB81C4FE9490062C9DC /* Main.storyboard */,
				3F68DDBB1C4FE9490062C9DC /* Assets.xcassets */,
				3F68DDBD1C4FE9490062C9DC /* LaunchScreen.storyboard */,
				3F68DDC01C4FE9490062C9DC /* Info.plist */,
			);
			path = "College Profile Builder";
			sourceTree = "<group>";
		};
		3F68DDC81C4FE9490062C9DC /* College Profile BuilderTests */ = {
			isa = PBXGroup;
			children = (
				3F68DDC91C4FE9490062C9DC /* College_Profile_BuilderTests.swift */,
				3F68DDCB1C4FE9490062C9DC /* Info.plist */,
			);
			path = "College Profile BuilderTests";
			sourceTree = "<group>";
		};
		3F68DDD31C4FE9490062C9DC /* College Profile BuilderUITests */ = {
			isa = PBXGroup;
			children = (
				3F68DDD41C4FE9490062C9DC /* College_Profile_BuilderUITests.swift */,
				3F68DDD61C4FE9490062C9DC /* Info.plist */,
			);
			path = "College Profile BuilderUITests";
			sourceTree = "<group>";
		};
/* End PBXGroup section */

/* Begin PBXNativeTarget section */
		3F68DDB01C4FE9490062C9DC /* College Profile Builder */ = {
			isa = PBXNativeTarget;
			buildConfigurationList = 3F68DDD91C4FE9490062C9DC /* Build configuration list for PBXNativeTarget "College Profile Builder" */;
			buildPhases = (
				3F68DDAD1C4FE9490062C9DC /* Sources */,
				3F68DDAE1C4FE9490062C9DC /* Frameworks */,
				3F68DDAF1C4FE9490062C9DC /* Resources */,
			);
			buildRules = (
			);
			dependencies = (
			);
			name = "College Profile Builder";
			productName = "College Profile Builder";
			productReference = 3F68DDB11C4FE9490062C9DC /* College Profile Builder.app */;
			productType = "com.apple.product-type.application";
		};
		3F68DDC41C4FE9490062C9DC /* College Profile BuilderTests */ = {
			isa = PBXNativeTarget;
			buildConfigurationList = 3F68DDDC1C4FE9490062C9DC /* Build configuration list for PBXNativeTarget "College Profile BuilderTests" */;
			buildPhases = (
				3F68DDC11C4FE9490062C9DC /* Sources */,
				3F68DDC21C4FE9490062C9DC /* Frameworks */,
				3F68DDC31C4FE9490062C9DC /* Resources */,
			);
			buildRules = (
			);
			dependencies = (
				3F68DDC71C4FE9490062C9DC /* PBXTargetDependency */,
			);
			name = "College Profile BuilderTests";
			productName = "College Profile BuilderTests";
			productReference = 3F68DDC51C4FE9490062C9DC /* College Profile BuilderTests.xctest */;
			productType = "com.apple.product-type.bundle.unit-test";
		};
		3F68DDCF1C4FE9490062C9DC /* College Profile BuilderUITests */ = {
			isa = PBXNativeTarget;
			buildConfigurationList = 3F68DDDF1C4FE9490062C9DC /* Build configuration list for PBXNativeTarget "College Profile BuilderUITests" */;
			buildPhases = (
				3F68DDCC1C4FE9490062C9DC /* Sources */,
				3F68DDCD1C4FE9490062C9DC /* Frameworks */,
				3F68DDCE1C4FE9490062C9DC /* Resources */,
			);
			buildRules = (
			);
			dependencies = (
				3F68DDD21C4FE9490062C9DC /* PBXTargetDependency */,
			);
			name = "College Profile BuilderUITests";
			productName = "College Profile BuilderUITests";
			productReference = 3F68DDD01C4FE9490062C9DC /* College Profile BuilderUITests.xctest */;
			productType = "com.apple.product-type.bundle.ui-testing";
		};
/* End PBXNativeTarget section */

/* Begin PBXProject section */
		3F68DDA91C4FE9480062C9DC /* Project object */ = {
			isa = PBXProject;
			attributes = {
				LastSwiftUpdateCheck = 0720;
				LastUpgradeCheck = 0720;
				ORGANIZATIONNAME = JScharm;
				TargetAttributes = {
					3F68DDB01C4FE9490062C9DC = {
						CreatedOnToolsVersion = 7.2;
					};
					3F68DDC41C4FE9490062C9DC = {
						CreatedOnToolsVersion = 7.2;
						TestTargetID = 3F68DDB01C4FE9490062C9DC;
					};
					3F68DDCF1C4FE9490062C9DC = {
						CreatedOnToolsVersion = 7.2;
						TestTargetID = 3F68DDB01C4FE9490062C9DC;
					};
				};
			};
			buildConfigurationList = 3F68DDAC1C4FE9480062C9DC /* Build configuration list for PBXProject "College Profile Builder" */;
			compatibilityVersion = "Xcode 3.2";
			developmentRegion = English;
			hasScannedForEncodings = 0;
			knownRegions = (
				en,
				Base,
			);
			mainGroup = 3F68DDA81C4FE9480062C9DC;
			productRefGroup = 3F68DDB21C4FE9490062C9DC /* Products */;
			projectDirPath = "";
			projectRoot = "";
			targets = (
				3F68DDB01C4FE9490062C9DC /* College Profile Builder */,
				3F68DDC41C4FE9490062C9DC /* College Profile BuilderTests */,
				3F68DDCF1C4FE9490062C9DC /* College Profile BuilderUITests */,
			);
		};
/* End PBXProject section */

/* Begin PBXResourcesBuildPhase section */
		3F68DDAF1C4FE9490062C9DC /* Resources */ = {
			isa = PBXResourcesBuildPhase;
			buildActionMask = 2147483647;
			files = (
				3F68DDBF1C4FE9490062C9DC /* LaunchScreen.storyboard in Resources */,
				3F68DDBC1C4FE9490062C9DC /* Assets.xcassets in Resources */,
				3F68DDBA1C4FE9490062C9DC /* Main.storyboard in Resources */,
			);
			runOnlyForDeploymentPostprocessing = 0;
		};
		3F68DDC31C4FE9490062C9DC /* Resources */ = {
			isa = PBXResourcesBuildPhase;
			buildActionMask = 2147483647;
			files = (
			);
			runOnlyForDeploymentPostprocessing = 0;
		};
		3F68DDCE1C4FE9490062C9DC /* Resources */ = {
			isa = PBXResourcesBuildPhase;
			buildActionMask = 2147483647;
			files = (
			);
			runOnlyForDeploymentPostprocessing = 0;
		};
/* End PBXResourcesBuildPhase section */

/* Begin PBXSourcesBuildPhase section */
		3F68DDAD1C4FE9490062C9DC /* Sources */ = {
			isa = PBXSourcesBuildPhase;
			buildActionMask = 2147483647;
			files = (
				3F68DDB71C4FE9490062C9DC /* ViewController.swift in Sources */,
				3F06B3E81C6CEFFC0074A26D /* mapViewController.swift in Sources */,
				3F68DDE31C513C340062C9DC /* CollegesClass.swift in Sources */,
				3F68DDB51C4FE9490062C9DC /* AppDelegate.swift in Sources */,
				3F68DDE51C5142780062C9DC /* detailViewController.swift in Sources */,
			);
			runOnlyForDeploymentPostprocessing = 0;
		};
		3F68DDC11C4FE9490062C9DC /* Sources */ = {
			isa = PBXSourcesBuildPhase;
			buildActionMask = 2147483647;
			files = (
				3F68DDCA1C4FE9490062C9DC /* College_Profile_BuilderTests.swift in Sources */,
			);
			runOnlyForDeploymentPostprocessing = 0;
		};
		3F68DDCC1C4FE9490062C9DC /* Sources */ = {
			isa = PBXSourcesBuildPhase;
			buildActionMask = 2147483647;
			files = (
				3F68DDD51C4FE9490062C9DC /* College_Profile_BuilderUITests.swift in Sources */,
			);
			runOnlyForDeploymentPostprocessing = 0;
		};
/* End PBXSourcesBuildPhase section */

/* Begin PBXTargetDependency section */
		3F68DDC71C4FE9490062C9DC /* PBXTargetDependency */ = {
			isa = PBXTargetDependency;
			target = 3F68DDB01C4FE9490062C9DC /* College Profile Builder */;
			targetProxy = 3F68DDC61C4FE9490062C9DC /* PBXContainerItemProxy */;
		};
		3F68DDD21C4FE9490062C9DC /* PBXTargetDependency */ = {
			isa = PBXTargetDependency;
			target = 3F68DDB01C4FE9490062C9DC /* College Profile Builder */;
			targetProxy = 3F68DDD11C4FE9490062C9DC /* PBXContainerItemProxy */;
		};
/* End PBXTargetDependency section */

/* Begin PBXVariantGroup section */
		3F68DDB81C4FE9490062C9DC /* Main.storyboard */ = {
			isa = PBXVariantGroup;
			children = (
				3F68DDB91C4FE9490062C9DC /* Base */,
			);
			name = Main.storyboard;
			sourceTree = "<group>";
		};
		3F68DDBD1C4FE9490062C9DC /* LaunchScreen.storyboard */ = {
			isa = PBXVariantGroup;
			children = (
				3F68DDBE1C4FE9490062C9DC /* Base */,
			);
			name = LaunchScreen.storyboard;
			sourceTree = "<group>";
		};
/* End PBXVariantGroup section */

/* Begin XCBuildConfiguration section */
		3F68DDD71C4FE9490062C9DC /* Debug */ = {
			isa = XCBuildConfiguration;
			buildSettings = {
				ALWAYS_SEARCH_USER_PATHS = NO;
				CLANG_CXX_LANGUAGE_STANDARD = "gnu++0x";
				CLANG_CXX_LIBRARY = "libc++";
				CLANG_ENABLE_MODULES = YES;
				CLANG_ENABLE_OBJC_ARC = YES;
				CLANG_WARN_BOOL_CONVERSION = YES;
				CLANG_WARN_CONSTANT_CONVERSION = YES;
				CLANG_WARN_DIRECT_OBJC_ISA_USAGE = YES_ERROR;
				CLANG_WARN_EMPTY_BODY = YES;
				CLANG_WARN_ENUM_CONVERSION = YES;
				CLANG_WARN_INT_CONVERSION = YES;
				CLANG_WARN_OBJC_ROOT_CLASS = YES_ERROR;
				CLANG_WARN_UNREACHABLE_CODE = YES;
				CLANG_WARN__DUPLICATE_METHOD_MATCH = YES;
				"CODE_SIGN_IDENTITY[sdk=iphoneos*]" = "iPhone Developer";
				COPY_PHASE_STRIP = NO;
				DEBUG_INFORMATION_FORMAT = dwarf;
				ENABLE_STRICT_OBJC_MSGSEND = YES;
				ENABLE_TESTABILITY = YES;
				GCC_C_LANGUAGE_STANDARD = gnu99;
				GCC_DYNAMIC_NO_PIC = NO;
				GCC_NO_COMMON_BLOCKS = YES;
				GCC_OPTIMIZATION_LEVEL = 0;
				GCC_PREPROCESSOR_DEFINITIONS = (
					"DEBUG=1",
					"$(inherited)",
				);
				GCC_WARN_64_TO_32_BIT_CONVERSION = YES;
				GCC_WARN_ABOUT_RETURN_TYPE = YES_ERROR;
				GCC_WARN_UNDECLARED_SELECTOR = YES;
				GCC_WARN_UNINITIALIZED_AUTOS = YES_AGGRESSIVE;
				GCC_WARN_UNUSED_FUNCTION = YES;
				GCC_WARN_UNUSED_VARIABLE = YES;
				IPHONEOS_DEPLOYMENT_TARGET = 9.2;
				MTL_ENABLE_DEBUG_INFO = YES;
				ONLY_ACTIVE_ARCH = YES;
				SDKROOT = iphoneos;
				SWIFT_OPTIMIZATION_LEVEL = "-Onone";
				TARGETED_DEVICE_FAMILY = "1,2";
			};
			name = Debug;
		};
		3F68DDD81C4FE9490062C9DC /* Release */ = {
			isa = XCBuildConfiguration;
			buildSettings = {
				ALWAYS_SEARCH_USER_PATHS = NO;
				CLANG_CXX_LANGUAGE_STANDARD = "gnu++0x";
				CLANG_CXX_LIBRARY = "libc++";
				CLANG_ENABLE_MODULES = YES;
				CLANG_ENABLE_OBJC_ARC = YES;
				CLANG_WARN_BOOL_CONVERSION = YES;
				CLANG_WARN_CONSTANT_CONVERSION = YES;
				CLANG_WARN_DIRECT_OBJC_ISA_USAGE = YES_ERROR;
				CLANG_WARN_EMPTY_BODY = YES;
				CLANG_WARN_ENUM_CONVERSION = YES;
				CLANG_WARN_INT_CONVERSION = YES;
				CLANG_WARN_OBJC_ROOT_CLASS = YES_ERROR;
				CLANG_WARN_UNREACHABLE_CODE = YES;
				CLANG_WARN__DUPLICATE_METHOD_MATCH = YES;
				"CODE_SIGN_IDENTITY[sdk=iphoneos*]" = "iPhone Developer";
				COPY_PHASE_STRIP = NO;
				DEBUG_INFORMATION_FORMAT = "dwarf-with-dsym";
				ENABLE_NS_ASSERTIONS = NO;
				ENABLE_STRICT_OBJC_MSGSEND = YES;
				GCC_C_LANGUAGE_STANDARD = gnu99;
				GCC_NO_COMMON_BLOCKS = YES;
				GCC_WARN_64_TO_32_BIT_CONVERSION = YES;
				GCC_WARN_ABOUT_RETURN_TYPE = YES_ERROR;
				GCC_WARN_UNDECLARED_SELECTOR = YES;
				GCC_WARN_UNINITIALIZED_AUTOS = YES_AGGRESSIVE;
				GCC_WARN_UNUSED_FUNCTION = YES;
				GCC_WARN_UNUSED_VARIABLE = YES;
				IPHONEOS_DEPLOYMENT_TARGET = 9.2;
				MTL_ENABLE_DEBUG_INFO = NO;
				SDKROOT = iphoneos;
				TARGETED_DEVICE_FAMILY = "1,2";
				VALIDATE_PRODUCT = YES;
			};
			name = Release;
		};
		3F68DDDA1C4FE9490062C9DC /* Debug */ = {
			isa = XCBuildConfiguration;
			buildSettings = {
				ASSETCATALOG_COMPILER_APPICON_NAME = AppIcon;
				INFOPLIST_FILE = "College Profile Builder/Info.plist";
				LD_RUNPATH_SEARCH_PATHS = "$(inherited) @executable_path/Frameworks";
				PRODUCT_BUNDLE_IDENTIFIER = "JScharm.College-Profile-Builder";
				PRODUCT_NAME = "$(TARGET_NAME)";
			};
			name = Debug;
		};
		3F68DDDB1C4FE9490062C9DC /* Release */ = {
			isa = XCBuildConfiguration;
			buildSettings = {
				ASSETCATALOG_COMPILER_APPICON_NAME = AppIcon;
				INFOPLIST_FILE = "College Profile Builder/Info.plist";
				LD_RUNPATH_SEARCH_PATHS = "$(inherited) @executable_path/Frameworks";
				PRODUCT_BUNDLE_IDENTIFIER = "JScharm.College-Profile-Builder";
				PRODUCT_NAME = "$(TARGET_NAME)";
			};
			name = Release;
		};
		3F68DDDD1C4FE9490062C9DC /* Debug */ = {
			isa = XCBuildConfiguration;
			buildSettings = {
				BUNDLE_LOADER = "$(TEST_HOST)";
				INFOPLIST_FILE = "College Profile BuilderTests/Info.plist";
				LD_RUNPATH_SEARCH_PATHS = "$(inherited) @executable_path/Frameworks @loader_path/Frameworks";
				PRODUCT_BUNDLE_IDENTIFIER = "JScharm.College-Profile-BuilderTests";
				PRODUCT_NAME = "$(TARGET_NAME)";
				TEST_HOST = "$(BUILT_PRODUCTS_DIR)/College Profile Builder.app/College Profile Builder";
			};
			name = Debug;
		};
		3F68DDDE1C4FE9490062C9DC /* Release */ = {
			isa = XCBuildConfiguration;
			buildSettings = {
				BUNDLE_LOADER = "$(TEST_HOST)";
				INFOPLIST_FILE = "College Profile BuilderTests/Info.plist";
				LD_RUNPATH_SEARCH_PATHS = "$(inherited) @executable_path/Frameworks @loader_path/Frameworks";
				PRODUCT_BUNDLE_IDENTIFIER = "JScharm.College-Profile-BuilderTests";
				PRODUCT_NAME = "$(TARGET_NAME)";
				TEST_HOST = "$(BUILT_PRODUCTS_DIR)/College Profile Builder.app/College Profile Builder";
			};
			name = Release;
		};
		3F68DDE01C4FE9490062C9DC /* Debug */ = {
			isa = XCBuildConfiguration;
			buildSettings = {
				INFOPLIST_FILE = "College Profile BuilderUITests/Info.plist";
				LD_RUNPATH_SEARCH_PATHS = "$(inherited) @executable_path/Frameworks @loader_path/Frameworks";
				PRODUCT_BUNDLE_IDENTIFIER = "JScharm.College-Profile-BuilderUITests";
				PRODUCT_NAME = "$(TARGET_NAME)";
				TEST_TARGET_NAME = "College Profile Builder";
				USES_XCTRUNNER = YES;
			};
			name = Debug;
		};
		3F68DDE11C4FE9490062C9DC /* Release */ = {
			isa = XCBuildConfiguration;
			buildSettings = {
				INFOPLIST_FILE = "College Profile BuilderUITests/Info.plist";
				LD_RUNPATH_SEARCH_PATHS = "$(inherited) @executable_path/Frameworks @loader_path/Frameworks";
				PRODUCT_BUNDLE_IDENTIFIER = "JScharm.College-Profile-BuilderUITests";
				PRODUCT_NAME = "$(TARGET_NAME)";
				TEST_TARGET_NAME = "College Profile Builder";
				USES_XCTRUNNER = YES;
			};
			name = Release;
		};
/* End XCBuildConfiguration section */

/* Begin XCConfigurationList section */
		3F68DDAC1C4FE9480062C9DC /* Build configuration list for PBXProject "College Profile Builder" */ = {
			isa = XCConfigurationList;
			buildConfigurations = (
				3F68DDD71C4FE9490062C9DC /* Debug */,
				3F68DDD81C4FE9490062C9DC /* Release */,
			);
			defaultConfigurationIsVisible = 0;
			defaultConfigurationName = Release;
		};
		3F68DDD91C4FE9490062C9DC /* Build configuration list for PBXNativeTarget "College Profile Builder" */ = {
			isa = XCConfigurationList;
			buildConfigurations = (
				3F68DDDA1C4FE9490062C9DC /* Debug */,
				3F68DDDB1C4FE9490062C9DC /* Release */,
			);
			defaultConfigurationIsVisible = 0;
			defaultConfigurationName = Release;
		};
		3F68DDDC1C4FE9490062C9DC /* Build configuration list for PBXNativeTarget "College Profile BuilderTests" */ = {
			isa = XCConfigurationList;
			buildConfigurations = (
				3F68DDDD1C4FE9490062C9DC /* Debug */,
				3F68DDDE1C4FE9490062C9DC /* Release */,
			);
			defaultConfigurationIsVisible = 0;
			defaultConfigurationName = Release;
		};
		3F68DDDF1C4FE9490062C9DC /* Build configuration list for PBXNativeTarget "College Profile BuilderUITests" */ = {
			isa = XCConfigurationList;
			buildConfigurations = (
				3F68DDE01C4FE9490062C9DC /* Debug */,
				3F68DDE11C4FE9490062C9DC /* Release */,
			);
			defaultConfigurationIsVisible = 0;
			defaultConfigurationName = Release;
		};
/* End XCConfigurationList section */
	};
	rootObject = 3F68DDA91C4FE9480062C9DC /* Project object */;
}
